
Microsoft Visual Studio Solution File, Format Version 11.00
# Visual Studio 2010
Project("{FAE04EC0-301F-11D3-BF4B-00C04F79EFBC}") = "Idontknow", "Assembly-CSharp.csproj", "{895A36C0-0486-FF79-0D51-FFB3EE667D4B}"
EndProject
Global
	GlobalSection(SolutionConfigurationPlatforms) = preSolution
		Debug|Any CPU = Debug|Any CPU
		Release|Any CPU = Release|Any CPU
	EndGlobalSection
	GlobalSection(ProjectConfigurationPlatforms) = postSolution
		{895A36C0-0486-FF79-0D51-FFB3EE667D4B}.Debug|Any CPU.ActiveCfg = Debug|Any CPU
		{895A36C0-0486-FF79-0D51-FFB3EE667D4B}.Debug|Any CPU.Build.0 = Debug|Any CPU
		{895A36C0-0486-FF79-0D51-FFB3EE667D4B}.Release|Any CPU.ActiveCfg = Release|Any CPU
		{895A36C0-0486-FF79-0D51-FFB3EE667D4B}.Release|Any CPU.Build.0 = Release|Any CPU
	EndGlobalSection
	GlobalSection(SolutionProperties) = preSolution
		HideSolutionNode = FALSE
	EndGlobalSection
	GlobalSection(MonoDevelopProperties) = preSolution
		StartupItem = Assembly-CSharp.csproj
	EndGlobalSection
EndGlobal
